<Solution>
  <Folder Name="/SolutionItems/">
    <File Path="../.editorconfig" />
    <File Path="../.gitignore" />
    <File Path="../README.md" />
  </Folder>
  <Project Path="Dibware.F.In.Manufacturing.Domain.UnitTests/Dibware.F.In.Manufacturing.Domain.UnitTests.fsproj" Id="a77070b0-c89a-4d55-b850-dc927360c263" />
  <Project Path="Dibware.F.In.Manufacturing.Domain/Dibware.F.In.Manufacturing.Domain.fsproj" Id="9549f1f4-431d-46af-92e3-7c1e7eec82b9" />
</Solution>
